// !$*UTF8*$!
{
	archiveVersion = 1;
	classes = {
	};
	objectVersion = 56;
	objects = {

/* Begin PBXBuildFile section */
		5E60DB242C2CDF9500F6CAF0 /* Assets.xcassets in Resources */ = {isa = PBXBuildFile; fileRef = 5E60DB232C2CDF9500F6CAF0 /* Assets.xcassets */; };
		5E60DB272C2CDF9500F6CAF0 /* Preview Assets.xcassets in Resources */ = {isa = PBXBuildFile; fileRef = 5E60DB262C2CDF9500F6CAF0 /* Preview Assets.xcassets */; };
		5E60DB4B2C2CE1B200F6CAF0 /* MealModel.swift in Sources */ = {isa = PBXBuildFile; fileRef = 5E60DB4A2C2CE1B200F6CAF0 /* MealModel.swift */; };
		5E60DB502C2CE23D00F6CAF0 /* MealNetworkManager.swift in Sources */ = {isa = PBXBuildFile; fileRef = 5E60DB4F2C2CE23D00F6CAF0 /* MealNetworkManager.swift */; };
		5E60DB522C2CE28200F6CAF0 /* MealViewModel.swift in Sources */ = {isa = PBXBuildFile; fileRef = 5E60DB512C2CE28200F6CAF0 /* MealViewModel.swift */; };
		5E60DB542C2CE2DA00F6CAF0 /* MealListView.swift in Sources */ = {isa = PBXBuildFile; fileRef = 5E60DB532C2CE2DA00F6CAF0 /* MealListView.swift */; };
		5E60DB562C2CE2FD00F6CAF0 /* MealDetailsView.swift in Sources */ = {isa = PBXBuildFile; fileRef = 5E60DB552C2CE2FD00F6CAF0 /* MealDetailsView.swift */; };
		5E60DB582C2CE37D00F6CAF0 /* MealAppView.swift in Sources */ = {isa = PBXBuildFile; fileRef = 5E60DB572C2CE37D00F6CAF0 /* MealAppView.swift */; };
		5E60DB5A2C2D02C200F6CAF0 /* YTWebView.swift in Sources */ = {isa = PBXBuildFile; fileRef = 5E60DB592C2D02C200F6CAF0 /* YTWebView.swift */; };
		5E60DB5C2C2D137600F6CAF0 /* MockNetworkManager.swift in Sources */ = {isa = PBXBuildFile; fileRef = 5E60DB5B2C2D137600F6CAF0 /* MockNetworkManager.swift */; };
		5E60DB5E2C2D142C00F6CAF0 /* NetworkManagerTests.swift in Sources */ = {isa = PBXBuildFile; fileRef = 5E60DB5D2C2D142C00F6CAF0 /* NetworkManagerTests.swift */; };
		5E60DB602C2D153E00F6CAF0 /* MealListViewModelTests.swift in Sources */ = {isa = PBXBuildFile; fileRef = 5E60DB5F2C2D153E00F6CAF0 /* MealListViewModelTests.swift */; };
		5E60DB622C2D178300F6CAF0 /* MealDetailViewModelTests.swift in Sources */ = {isa = PBXBuildFile; fileRef = 5E60DB612C2D178300F6CAF0 /* MealDetailViewModelTests.swift */; };
/* End PBXBuildFile section */

/* Begin PBXContainerItemProxy section */
		5E60DB2D2C2CDF9500F6CAF0 /* PBXContainerItemProxy */ = {
			isa = PBXContainerItemProxy;
			containerPortal = 5E60DB142C2CDF9200F6CAF0 /* Project object */;
			proxyType = 1;
			remoteGlobalIDString = 5E60DB1B2C2CDF9200F6CAF0;
			remoteInfo = "MealDB-Fetch";
		};
/* End PBXContainerItemProxy section */

/* Begin PBXFileReference section */
		5E60DB1C2C2CDF9200F6CAF0 /* MealDB-Fetch.app */ = {isa = PBXFileReference; explicitFileType = wrapper.application; includeInIndex = 0; path = "MealDB-Fetch.app"; sourceTree = BUILT_PRODUCTS_DIR; };
		5E60DB232C2CDF9500F6CAF0 /* Assets.xcassets */ = {isa = PBXFileReference; lastKnownFileType = folder.assetcatalog; path = Assets.xcassets; sourceTree = "<group>"; };
		5E60DB262C2CDF9500F6CAF0 /* Preview Assets.xcassets */ = {isa = PBXFileReference; lastKnownFileType = folder.assetcatalog; path = "Preview Assets.xcassets"; sourceTree = "<group>"; };
		5E60DB2C2C2CDF9500F6CAF0 /* MealDB-FetchTests.xctest */ = {isa = PBXFileReference; explicitFileType = wrapper.cfbundle; includeInIndex = 0; path = "MealDB-FetchTests.xctest"; sourceTree = BUILT_PRODUCTS_DIR; };
		5E60DB4A2C2CE1B200F6CAF0 /* MealModel.swift */ = {isa = PBXFileReference; lastKnownFileType = sourcecode.swift; path = MealModel.swift; sourceTree = "<group>"; };
		5E60DB4F2C2CE23D00F6CAF0 /* MealNetworkManager.swift */ = {isa = PBXFileReference; lastKnownFileType = sourcecode.swift; path = MealNetworkManager.swift; sourceTree = "<group>"; };
		5E60DB512C2CE28200F6CAF0 /* MealViewModel.swift */ = {isa = PBXFileReference; lastKnownFileType = sourcecode.swift; path = MealViewModel.swift; sourceTree = "<group>"; };
		5E60DB532C2CE2DA00F6CAF0 /* MealListView.swift */ = {isa = PBXFileReference; lastKnownFileType = sourcecode.swift; path = MealListView.swift; sourceTree = "<group>"; };
		5E60DB552C2CE2FD00F6CAF0 /* MealDetailsView.swift */ = {isa = PBXFileReference; lastKnownFileType = sourcecode.swift; path = MealDetailsView.swift; sourceTree = "<group>"; };
		5E60DB572C2CE37D00F6CAF0 /* MealAppView.swift */ = {isa = PBXFileReference; lastKnownFileType = sourcecode.swift; path = MealAppView.swift; sourceTree = "<group>"; };
		5E60DB592C2D02C200F6CAF0 /* YTWebView.swift */ = {isa = PBXFileReference; lastKnownFileType = sourcecode.swift; path = YTWebView.swift; sourceTree = "<group>"; };
		5E60DB5B2C2D137600F6CAF0 /* MockNetworkManager.swift */ = {isa = PBXFileReference; lastKnownFileType = sourcecode.swift; path = MockNetworkManager.swift; sourceTree = "<group>"; };
		5E60DB5D2C2D142C00F6CAF0 /* NetworkManagerTests.swift */ = {isa = PBXFileReference; lastKnownFileType = sourcecode.swift; path = NetworkManagerTests.swift; sourceTree = "<group>"; };
		5E60DB5F2C2D153E00F6CAF0 /* MealListViewModelTests.swift */ = {isa = PBXFileReference; lastKnownFileType = sourcecode.swift; path = MealListViewModelTests.swift; sourceTree = "<group>"; };
		5E60DB612C2D178300F6CAF0 /* MealDetailViewModelTests.swift */ = {isa = PBXFileReference; lastKnownFileType = sourcecode.swift; path = MealDetailViewModelTests.swift; sourceTree = "<group>"; };
/* End PBXFileReference section */

/* Begin PBXFrameworksBuildPhase section */
		5E60DB192C2CDF9200F6CAF0 /* Frameworks */ = {
			isa = PBXFrameworksBuildPhase;
			buildActionMask = 2147483647;
			files = (
			);
			runOnlyForDeploymentPostprocessing = 0;
		};
		5E60DB292C2CDF9500F6CAF0 /* Frameworks */ = {
			isa = PBXFrameworksBuildPhase;
			buildActionMask = 2147483647;
			files = (
			);
			runOnlyForDeploymentPostprocessing = 0;
		};
/* End PBXFrameworksBuildPhase section */

/* Begin PBXGroup section */
		5E60DB132C2CDF9200F6CAF0 = {
			isa = PBXGroup;
			children = (
				5E60DB1E2C2CDF9200F6CAF0 /* MealDB-Fetch */,
				5E60DB2F2C2CDF9500F6CAF0 /* MealDB-FetchTests */,
				5E60DB1D2C2CDF9200F6CAF0 /* Products */,
			);
			sourceTree = "<group>";
		};
		5E60DB1D2C2CDF9200F6CAF0 /* Products */ = {
			isa = PBXGroup;
			children = (
				5E60DB1C2C2CDF9200F6CAF0 /* MealDB-Fetch.app */,
				5E60DB2C2C2CDF9500F6CAF0 /* MealDB-FetchTests.xctest */,
			);
			name = Products;
			sourceTree = "<group>";
		};
		5E60DB1E2C2CDF9200F6CAF0 /* MealDB-Fetch */ = {
			isa = PBXGroup;
			children = (
				5E60DB4E2C2CE1F700F6CAF0 /* NetworkManager */,
				5E60DB4D2C2CE1E600F6CAF0 /* View */,
				5E60DB4C2C2CE1D900F6CAF0 /* ViewModel */,
				5E60DB492C2CE17A00F6CAF0 /* Model */,
				5E60DB232C2CDF9500F6CAF0 /* Assets.xcassets */,
				5E60DB252C2CDF9500F6CAF0 /* Preview Content */,
				5E60DB572C2CE37D00F6CAF0 /* MealAppView.swift */,
			);
			path = "MealDB-Fetch";
			sourceTree = "<group>";
		};
		5E60DB252C2CDF9500F6CAF0 /* Preview Content */ = {
			isa = PBXGroup;
			children = (
				5E60DB262C2CDF9500F6CAF0 /* Preview Assets.xcassets */,
			);
			path = "Preview Content";
			sourceTree = "<group>";
		};
		5E60DB2F2C2CDF9500F6CAF0 /* MealDB-FetchTests */ = {
			isa = PBXGroup;
			children = (
				5E60DB5B2C2D137600F6CAF0 /* MockNetworkManager.swift */,
				5E60DB5D2C2D142C00F6CAF0 /* NetworkManagerTests.swift */,
				5E60DB5F2C2D153E00F6CAF0 /* MealListViewModelTests.swift */,
				5E60DB612C2D178300F6CAF0 /* MealDetailViewModelTests.swift */,
			);
			path = "MealDB-FetchTests";
			sourceTree = "<group>";
		};
		5E60DB492C2CE17A00F6CAF0 /* Model */ = {
			isa = PBXGroup;
			children = (
				5E60DB4A2C2CE1B200F6CAF0 /* MealModel.swift */,
			);
			path = Model;
			sourceTree = "<group>";
		};
		5E60DB4C2C2CE1D900F6CAF0 /* ViewModel */ = {
			isa = PBXGroup;
			children = (
				5E60DB512C2CE28200F6CAF0 /* MealViewModel.swift */,
			);
			path = ViewModel;
			sourceTree = "<group>";
		};
		5E60DB4D2C2CE1E600F6CAF0 /* View */ = {
			isa = PBXGroup;
			children = (
				5E60DB532C2CE2DA00F6CAF0 /* MealListView.swift */,
				5E60DB552C2CE2FD00F6CAF0 /* MealDetailsView.swift */,
				5E60DB592C2D02C200F6CAF0 /* YTWebView.swift */,
			);
			path = View;
			sourceTree = "<group>";
		};
		5E60DB4E2C2CE1F700F6CAF0 /* NetworkManager */ = {
			isa = PBXGroup;
			children = (
				5E60DB4F2C2CE23D00F6CAF0 /* MealNetworkManager.swift */,
			);
			path = NetworkManager;
			sourceTree = "<group>";
		};
/* End PBXGroup section */

/* Begin PBXNativeTarget section */
		5E60DB1B2C2CDF9200F6CAF0 /* MealDB-Fetch */ = {
			isa = PBXNativeTarget;
			buildConfigurationList = 5E60DB402C2CDF9500F6CAF0 /* Build configuration list for PBXNativeTarget "MealDB-Fetch" */;
			buildPhases = (
				5E60DB182C2CDF9200F6CAF0 /* Sources */,
				5E60DB192C2CDF9200F6CAF0 /* Frameworks */,
				5E60DB1A2C2CDF9200F6CAF0 /* Resources */,
			);
			buildRules = (
			);
			dependencies = (
			);
			name = "MealDB-Fetch";
			productName = "MealDB-Fetch";
			productReference = 5E60DB1C2C2CDF9200F6CAF0 /* MealDB-Fetch.app */;
			productType = "com.apple.product-type.application";
		};
		5E60DB2B2C2CDF9500F6CAF0 /* MealDB-FetchTests */ = {
			isa = PBXNativeTarget;
			buildConfigurationList = 5E60DB432C2CDF9500F6CAF0 /* Build configuration list for PBXNativeTarget "MealDB-FetchTests" */;
			buildPhases = (
				5E60DB282C2CDF9500F6CAF0 /* Sources */,
				5E60DB292C2CDF9500F6CAF0 /* Frameworks */,
				5E60DB2A2C2CDF9500F6CAF0 /* Resources */,
			);
			buildRules = (
			);
			dependencies = (
				5E60DB2E2C2CDF9500F6CAF0 /* PBXTargetDependency */,
			);
			name = "MealDB-FetchTests";
			productName = "MealDB-FetchTests";
			productReference = 5E60DB2C2C2CDF9500F6CAF0 /* MealDB-FetchTests.xctest */;
			productType = "com.apple.product-type.bundle.unit-test";
		};
/* End PBXNativeTarget section */

/* Begin PBXProject section */
		5E60DB142C2CDF9200F6CAF0 /* Project object */ = {
			isa = PBXProject;
			attributes = {
				BuildIndependentTargetsInParallel = 1;
				LastSwiftUpdateCheck = 1530;
				LastUpgradeCheck = 1530;
				TargetAttributes = {
					5E60DB1B2C2CDF9200F6CAF0 = {
						CreatedOnToolsVersion = 15.3;
					};
					5E60DB2B2C2CDF9500F6CAF0 = {
						CreatedOnToolsVersion = 15.3;
						LastSwiftMigration = 1530;
						TestTargetID = 5E60DB1B2C2CDF9200F6CAF0;
					};
				};
			};
			buildConfigurationList = 5E60DB172C2CDF9200F6CAF0 /* Build configuration list for PBXProject "MealDB-Fetch" */;
			compatibilityVersion = "Xcode 14.0";
			developmentRegion = en;
			hasScannedForEncodings = 0;
			knownRegions = (
				en,
				Base,
			);
			mainGroup = 5E60DB132C2CDF9200F6CAF0;
			productRefGroup = 5E60DB1D2C2CDF9200F6CAF0 /* Products */;
			projectDirPath = "";
			projectRoot = "";
			targets = (
				5E60DB1B2C2CDF9200F6CAF0 /* MealDB-Fetch */,
				5E60DB2B2C2CDF9500F6CAF0 /* MealDB-FetchTests */,
			);
		};
/* End PBXProject section */

/* Begin PBXResourcesBuildPhase section */
		5E60DB1A2C2CDF9200F6CAF0 /* Resources */ = {
			isa = PBXResourcesBuildPhase;
			buildActionMask = 2147483647;
			files = (
				5E60DB272C2CDF9500F6CAF0 /* Preview Assets.xcassets in Resources */,
				5E60DB242C2CDF9500F6CAF0 /* Assets.xcassets in Resources */,
			);
			runOnlyForDeploymentPostprocessing = 0;
		};
		5E60DB2A2C2CDF9500F6CAF0 /* Resources */ = {
			isa = PBXResourcesBuildPhase;
			buildActionMask = 2147483647;
			files = (
			);
			runOnlyForDeploymentPostprocessing = 0;
		};
/* End PBXResourcesBuildPhase section */

/* Begin PBXSourcesBuildPhase section */
		5E60DB182C2CDF9200F6CAF0 /* Sources */ = {
			isa = PBXSourcesBuildPhase;
			buildActionMask = 2147483647;
			files = (
				5E60DB522C2CE28200F6CAF0 /* MealViewModel.swift in Sources */,
				5E60DB4B2C2CE1B200F6CAF0 /* MealModel.swift in Sources */,
				5E60DB502C2CE23D00F6CAF0 /* MealNetworkManager.swift in Sources */,
				5E60DB542C2CE2DA00F6CAF0 /* MealListView.swift in Sources */,
				5E60DB562C2CE2FD00F6CAF0 /* MealDetailsView.swift in Sources */,
				5E60DB5A2C2D02C200F6CAF0 /* YTWebView.swift in Sources */,
				5E60DB582C2CE37D00F6CAF0 /* MealAppView.swift in Sources */,
			);
			runOnlyForDeploymentPostprocessing = 0;
		};
		5E60DB282C2CDF9500F6CAF0 /* Sources */ = {
			isa = PBXSourcesBuildPhase;
			buildActionMask = 2147483647;
			files = (
				5E60DB5E2C2D142C00F6CAF0 /* NetworkManagerTests.swift in Sources */,
				5E60DB5C2C2D137600F6CAF0 /* MockNetworkManager.swift in Sources */,
				5E60DB622C2D178300F6CAF0 /* MealDetailViewModelTests.swift in Sources */,
				5E60DB602C2D153E00F6CAF0 /* MealListViewModelTests.swift in Sources */,
			);
			runOnlyForDeploymentPostprocessing = 0;
		};
/* End PBXSourcesBuildPhase section */

/* Begin PBXTargetDependency section */
		5E60DB2E2C2CDF9500F6CAF0 /* PBXTargetDependency */ = {
			isa = PBXTargetDependency;
			target = 5E60DB1B2C2CDF9200F6CAF0 /* MealDB-Fetch */;
			targetProxy = 5E60DB2D2C2CDF9500F6CAF0 /* PBXContainerItemProxy */;
		};
/* End PBXTargetDependency section */

/* Begin XCBuildConfiguration section */
		5E60DB3E2C2CDF9500F6CAF0 /* Debug */ = {
			isa = XCBuildConfiguration;
			buildSettings = {
				ALWAYS_SEARCH_USER_PATHS = NO;
				ASSETCATALOG_COMPILER_GENERATE_SWIFT_ASSET_SYMBOL_EXTENSIONS = YES;
				CLANG_ANALYZER_NONNULL = YES;
				CLANG_ANALYZER_NUMBER_OBJECT_CONVERSION = YES_AGGRESSIVE;
				CLANG_CXX_LANGUAGE_STANDARD = "gnu++20";
				CLANG_ENABLE_MODULES = YES;
				CLANG_ENABLE_OBJC_ARC = YES;
				CLANG_ENABLE_OBJC_WEAK = YES;
				CLANG_WARN_BLOCK_CAPTURE_AUTORELEASING = YES;
				CLANG_WARN_BOOL_CONVERSION = YES;
				CLANG_WARN_COMMA = YES;
				CLANG_WARN_CONSTANT_CONVERSION = YES;
				CLANG_WARN_DEPRECATED_OBJC_IMPLEMENTATIONS = YES;
				CLANG_WARN_DIRECT_OBJC_ISA_USAGE = YES_ERROR;
				CLANG_WARN_DOCUMENTATION_COMMENTS = YES;
				CLANG_WARN_EMPTY_BODY = YES;
				CLANG_WARN_ENUM_CONVERSION = YES;
				CLANG_WARN_INFINITE_RECURSION = YES;
				CLANG_WARN_INT_CONVERSION = YES;
				CLANG_WARN_NON_LITERAL_NULL_CONVERSION = YES;
				CLANG_WARN_OBJC_IMPLICIT_RETAIN_SELF = YES;
				CLANG_WARN_OBJC_LITERAL_CONVERSION = YES;
				CLANG_WARN_OBJC_ROOT_CLASS = YES_ERROR;
				CLANG_WARN_QUOTED_INCLUDE_IN_FRAMEWORK_HEADER = YES;
				CLANG_WARN_RANGE_LOOP_ANALYSIS = YES;
				CLANG_WARN_STRICT_PROTOTYPES = YES;
				CLANG_WARN_SUSPICIOUS_MOVE = YES;
				CLANG_WARN_UNGUARDED_AVAILABILITY = YES_AGGRESSIVE;
				CLANG_WARN_UNREACHABLE_CODE = YES;
				CLANG_WARN__DUPLICATE_METHOD_MATCH = YES;
				COPY_PHASE_STRIP = NO;
				DEBUG_INFORMATION_FORMAT = dwarf;
				ENABLE_STRICT_OBJC_MSGSEND = YES;
				ENABLE_TESTABILITY = YES;
				ENABLE_USER_SCRIPT_SANDBOXING = YES;
				GCC_C_LANGUAGE_STANDARD = gnu17;
				GCC_DYNAMIC_NO_PIC = NO;
				GCC_NO_COMMON_BLOCKS = YES;
				GCC_OPTIMIZATION_LEVEL = 0;
				GCC_PREPROCESSOR_DEFINITIONS = (
					"DEBUG=1",
					"$(inherited)",
				);
				GCC_WARN_64_TO_32_BIT_CONVERSION = YES;
				GCC_WARN_ABOUT_RETURN_TYPE = YES_ERROR;
				GCC_WARN_UNDECLARED_SELECTOR = YES;
				GCC_WARN_UNINITIALIZED_AUTOS = YES_AGGRESSIVE;
				GCC_WARN_UNUSED_FUNCTION = YES;
				GCC_WARN_UNUSED_VARIABLE = YES;
				IPHONEOS_DEPLOYMENT_TARGET = 17.4;
				LOCALIZATION_PREFERS_STRING_CATALOGS = YES;
				MTL_ENABLE_DEBUG_INFO = INCLUDE_SOURCE;
				MTL_FAST_MATH = YES;
				ONLY_ACTIVE_ARCH = YES;
				SDKROOT = iphoneos;
				SWIFT_ACTIVE_COMPILATION_CONDITIONS = "DEBUG $(inherited)";
				SWIFT_OPTIMIZATION_LEVEL = "-Onone";
			};
			name = Debug;
		};
		5E60DB3F2C2CDF9500F6CAF0 /* Release */ = {
			isa = XCBuildConfiguration;
			buildSettings = {
				ALWAYS_SEARCH_USER_PATHS = NO;
				ASSETCATALOG_COMPILER_GENERATE_SWIFT_ASSET_SYMBOL_EXTENSIONS = YES;
				CLANG_ANALYZER_NONNULL = YES;
				CLANG_ANALYZER_NUMBER_OBJECT_CONVERSION = YES_AGGRESSIVE;
				CLANG_CXX_LANGUAGE_STANDARD = "gnu++20";
				CLANG_ENABLE_MODULES = YES;
				CLANG_ENABLE_OBJC_ARC = YES;
				CLANG_ENABLE_OBJC_WEAK = YES;
				CLANG_WARN_BLOCK_CAPTURE_AUTORELEASING = YES;
				CLANG_WARN_BOOL_CONVERSION = YES;
				CLANG_WARN_COMMA = YES;
				CLANG_WARN_CONSTANT_CONVERSION = YES;
				CLANG_WARN_DEPRECATED_OBJC_IMPLEMENTATIONS = YES;
				CLANG_WARN_DIRECT_OBJC_ISA_USAGE = YES_ERROR;
				CLANG_WARN_DOCUMENTATION_COMMENTS = YES;
				CLANG_WARN_EMPTY_BODY = YES;
				CLANG_WARN_ENUM_CONVERSION = YES;
				CLANG_WARN_INFINITE_RECURSION = YES;
				CLANG_WARN_INT_CONVERSION = YES;
				CLANG_WARN_NON_LITERAL_NULL_CONVERSION = YES;
				CLANG_WARN_OBJC_IMPLICIT_RETAIN_SELF = YES;
				CLANG_WARN_OBJC_LITERAL_CONVERSION = YES;
				CLANG_WARN_OBJC_ROOT_CLASS = YES_ERROR;
				CLANG_WARN_QUOTED_INCLUDE_IN_FRAMEWORK_HEADER = YES;
				CLANG_WARN_RANGE_LOOP_ANALYSIS = YES;
				CLANG_WARN_STRICT_PROTOTYPES = YES;
				CLANG_WARN_SUSPICIOUS_MOVE = YES;
				CLANG_WARN_UNGUARDED_AVAILABILITY = YES_AGGRESSIVE;
				CLANG_WARN_UNREACHABLE_CODE = YES;
				CLANG_WARN__DUPLICATE_METHOD_MATCH = YES;
				COPY_PHASE_STRIP = NO;
				DEBUG_INFORMATION_FORMAT = "dwarf-with-dsym";
				ENABLE_NS_ASSERTIONS = NO;
				ENABLE_STRICT_OBJC_MSGSEND = YES;
				ENABLE_USER_SCRIPT_SANDBOXING = YES;
				GCC_C_LANGUAGE_STANDARD = gnu17;
				GCC_NO_COMMON_BLOCKS = YES;
				GCC_WARN_64_TO_32_BIT_CONVERSION = YES;
				GCC_WARN_ABOUT_RETURN_TYPE = YES_ERROR;
				GCC_WARN_UNDECLARED_SELECTOR = YES;
				GCC_WARN_UNINITIALIZED_AUTOS = YES_AGGRESSIVE;
				GCC_WARN_UNUSED_FUNCTION = YES;
				GCC_WARN_UNUSED_VARIABLE = YES;
				IPHONEOS_DEPLOYMENT_TARGET = 17.4;
				LOCALIZATION_PREFERS_STRING_CATALOGS = YES;
				MTL_ENABLE_DEBUG_INFO = NO;
				MTL_FAST_MATH = YES;
				SDKROOT = iphoneos;
				SWIFT_COMPILATION_MODE = wholemodule;
				VALIDATE_PRODUCT = YES;
			};
			name = Release;
		};
		5E60DB412C2CDF9500F6CAF0 /* Debug */ = {
			isa = XCBuildConfiguration;
			buildSettings = {
				ASSETCATALOG_COMPILER_APPICON_NAME = AppIcon;
				ASSETCATALOG_COMPILER_GLOBAL_ACCENT_COLOR_NAME = AccentColor;
				CODE_SIGN_STYLE = Automatic;
				CURRENT_PROJECT_VERSION = 1;
				DEVELOPMENT_ASSET_PATHS = "\"MealDB-Fetch/Preview Content\"";
				ENABLE_PREVIEWS = YES;
				GENERATE_INFOPLIST_FILE = YES;
				INFOPLIST_KEY_UIApplicationSceneManifest_Generation = YES;
				INFOPLIST_KEY_UIApplicationSupportsIndirectInputEvents = YES;
				INFOPLIST_KEY_UILaunchScreen_Generation = YES;
				INFOPLIST_KEY_UISupportedInterfaceOrientations_iPad = "UIInterfaceOrientationPortrait UIInterfaceOrientationPortraitUpsideDown UIInterfaceOrientationLandscapeLeft UIInterfaceOrientationLandscapeRight";
				INFOPLIST_KEY_UISupportedInterfaceOrientations_iPhone = "UIInterfaceOrientationPortrait UIInterfaceOrientationLandscapeLeft UIInterfaceOrientationLandscapeRight";
				LD_RUNPATH_SEARCH_PATHS = (
					"$(inherited)",
					"@executable_path/Frameworks",
				);
				MARKETING_VERSION = 1.0;
				PRODUCT_BUNDLE_IDENTIFIER = "INFO6350.MealDB-Fetch";
				PRODUCT_NAME = "$(TARGET_NAME)";
				SWIFT_EMIT_LOC_STRINGS = YES;
				SWIFT_VERSION = 5.0;
				TARGETED_DEVICE_FAMILY = "1,2";
			};
			name = Debug;
		};
		5E60DB422C2CDF9500F6CAF0 /* Release */ = {
			isa = XCBuildConfiguration;
			buildSettings = {
				ASSETCATALOG_COMPILER_APPICON_NAME = AppIcon;
				ASSETCATALOG_COMPILER_GLOBAL_ACCENT_COLOR_NAME = AccentColor;
				CODE_SIGN_STYLE = Automatic;
				CURRENT_PROJECT_VERSION = 1;
				DEVELOPMENT_ASSET_PATHS = "\"MealDB-Fetch/Preview Content\"";
				ENABLE_PREVIEWS = YES;
				GENERATE_INFOPLIST_FILE = YES;
				INFOPLIST_KEY_UIApplicationSceneManifest_Generation = YES;
				INFOPLIST_KEY_UIApplicationSupportsIndirectInputEvents = YES;
				INFOPLIST_KEY_UILaunchScreen_Generation = YES;
				INFOPLIST_KEY_UISupportedInterfaceOrientations_iPad = "UIInterfaceOrientationPortrait UIInterfaceOrientationPortraitUpsideDown UIInterfaceOrientationLandscapeLeft UIInterfaceOrientationLandscapeRight";
				INFOPLIST_KEY_UISupportedInterfaceOrientations_iPhone = "UIInterfaceOrientationPortrait UIInterfaceOrientationLandscapeLeft UIInterfaceOrientationLandscapeRight";
				LD_RUNPATH_SEARCH_PATHS = (
					"$(inherited)",
					"@executable_path/Frameworks",
				);
				MARKETING_VERSION = 1.0;
				PRODUCT_BUNDLE_IDENTIFIER = "INFO6350.MealDB-Fetch";
				PRODUCT_NAME = "$(TARGET_NAME)";
				SWIFT_EMIT_LOC_STRINGS = YES;
				SWIFT_VERSION = 5.0;
				TARGETED_DEVICE_FAMILY = "1,2";
			};
			name = Release;
		};
		5E60DB442C2CDF9500F6CAF0 /* Debug */ = {
			isa = XCBuildConfiguration;
			buildSettings = {
				ALWAYS_EMBED_SWIFT_STANDARD_LIBRARIES = YES;
				BUNDLE_LOADER = "$(TEST_HOST)";
				CLANG_ENABLE_MODULES = YES;
				CODE_SIGN_STYLE = Automatic;
				CURRENT_PROJECT_VERSION = 1;
				GENERATE_INFOPLIST_FILE = YES;
				IPHONEOS_DEPLOYMENT_TARGET = 17.4;
				MARKETING_VERSION = 1.0;
				PRODUCT_BUNDLE_IDENTIFIER = "INFO6350.MealDB-FetchTests";
				PRODUCT_NAME = "$(TARGET_NAME)";
				SWIFT_EMIT_LOC_STRINGS = NO;
				SWIFT_OPTIMIZATION_LEVEL = "-Onone";
				SWIFT_VERSION = 5.0;
				TARGETED_DEVICE_FAMILY = "1,2";
				TEST_HOST = "$(BUILT_PRODUCTS_DIR)/MealDB-Fetch.app/$(BUNDLE_EXECUTABLE_FOLDER_PATH)/MealDB-Fetch";
			};
			name = Debug;
		};
		5E60DB452C2CDF9500F6CAF0 /* Release */ = {
			isa = XCBuildConfiguration;
			buildSettings = {
				ALWAYS_EMBED_SWIFT_STANDARD_LIBRARIES = YES;
				BUNDLE_LOADER = "$(TEST_HOST)";
				CLANG_ENABLE_MODULES = YES;
				CODE_SIGN_STYLE = Automatic;
				CURRENT_PROJECT_VERSION = 1;
				GENERATE_INFOPLIST_FILE = YES;
				IPHONEOS_DEPLOYMENT_TARGET = 17.4;
				MARKETING_VERSION = 1.0;
				PRODUCT_BUNDLE_IDENTIFIER = "INFO6350.MealDB-FetchTests";
				PRODUCT_NAME = "$(TARGET_NAME)";
				SWIFT_EMIT_LOC_STRINGS = NO;
				SWIFT_VERSION = 5.0;
				TARGETED_DEVICE_FAMILY = "1,2";
				TEST_HOST = "$(BUILT_PRODUCTS_DIR)/MealDB-Fetch.app/$(BUNDLE_EXECUTABLE_FOLDER_PATH)/MealDB-Fetch";
			};
			name = Release;
		};
/* End XCBuildConfiguration section */

/* Begin XCConfigurationList section */
		5E60DB172C2CDF9200F6CAF0 /* Build configuration list for PBXProject "MealDB-Fetch" */ = {
			isa = XCConfigurationList;
			buildConfigurations = (
				5E60DB3E2C2CDF9500F6CAF0 /* Debug */,
				5E60DB3F2C2CDF9500F6CAF0 /* Release */,
			);
			defaultConfigurationIsVisible = 0;
			defaultConfigurationName = Release;
		};
		5E60DB402C2CDF9500F6CAF0 /* Build configuration list for PBXNativeTarget "MealDB-Fetch" */ = {
			isa = XCConfigurationList;
			buildConfigurations = (
				5E60DB412C2CDF9500F6CAF0 /* Debug */,
				5E60DB422C2CDF9500F6CAF0 /* Release */,
			);
			defaultConfigurationIsVisible = 0;
			defaultConfigurationName = Release;
		};
		5E60DB432C2CDF9500F6CAF0 /* Build configuration list for PBXNativeTarget "MealDB-FetchTests" */ = {
			isa = XCConfigurationList;
			buildConfigurations = (
				5E60DB442C2CDF9500F6CAF0 /* Debug */,
				5E60DB452C2CDF9500F6CAF0 /* Release */,
			);
			defaultConfigurationIsVisible = 0;
			defaultConfigurationName = Release;
		};
/* End XCConfigurationList section */
	};
	rootObject = 5E60DB142C2CDF9200F6CAF0 /* Project object */;
}
